
Microsoft Visual Studio Solution File, Format Version 12.00
# Visual Studio Version 16
VisualStudioVersion = 16.0.30011.22
MinimumVisualStudioVersion = 10.0.40219.1
Project("{2150E333-8FDC-42A3-9474-1A3956D46DE8}") = "Providers", "Providers", "{54B19386-5F64-490C-9EF5-D7845EBB0016}"
EndProject
Project("{9A19103F-16F7-4668-BE54-9A1E7A4F7556}") = "LyricsProviders", "Providers\LyricsProviders\LyricsProviders.csproj", "{87C02570-011D-4A2B-95CE-E6FB49156A58}"
EndProject
Project("{9A19103F-16F7-4668-BE54-9A1E7A4F7556}") = "LyricsProviders.Tests", "Providers\LyricsProviders.Tests\LyricsProviders.Tests.csproj", "{1442C1A4-363D-4587-9A4E-9C66C80BC651}"
EndProject
Project("{9A19103F-16F7-4668-BE54-9A1E7A4F7556}") = "PlayerWatching", "PlayerWatching\PlayerWatching.csproj", "{955D6460-22EA-4953-8809-65773D3BA173}"
EndProject
Project("{9A19103F-16F7-4668-BE54-9A1E7A4F7556}") = "LyricsFinder.Core", "LyricsFinder.Core\LyricsFinder.Core.csproj", "{E611FD0D-EBD3-4A79-A913-4BE25736291D}"
EndProject
Project("{9A19103F-16F7-4668-BE54-9A1E7A4F7556}") = "PlayerWatching.Tests", "PlayerWatching.Tests\PlayerWatching.Tests.csproj", "{D811000D-7E56-4A16-B179-82C7DF7F28C7}"
EndProject
Project("{FAE04EC0-301F-11D3-BF4B-00C04F79EFBC}") = "PlayerWatching.Demo", "PlayerWatching.Demo\PlayerWatching.Demo.csproj", "{AC52652B-314F-4050-BBC1-644D937F4EA1}"
EndProject
Global
	GlobalSection(SolutionConfigurationPlatforms) = preSolution
		Debug|Any CPU = Debug|Any CPU
		Release|Any CPU = Release|Any CPU
	EndGlobalSection
	GlobalSection(ProjectConfigurationPlatforms) = postSolution
		{87C02570-011D-4A2B-95CE-E6FB49156A58}.Debug|Any CPU.ActiveCfg = Debug|Any CPU
		{87C02570-011D-4A2B-95CE-E6FB49156A58}.Debug|Any CPU.Build.0 = Debug|Any CPU
		{87C02570-011D-4A2B-95CE-E6FB49156A58}.Release|Any CPU.ActiveCfg = Release|Any CPU
		{87C02570-011D-4A2B-95CE-E6FB49156A58}.Release|Any CPU.Build.0 = Release|Any CPU
		{1442C1A4-363D-4587-9A4E-9C66C80BC651}.Debug|Any CPU.ActiveCfg = Debug|Any CPU
		{1442C1A4-363D-4587-9A4E-9C66C80BC651}.Debug|Any CPU.Build.0 = Debug|Any CPU
		{1442C1A4-363D-4587-9A4E-9C66C80BC651}.Release|Any CPU.ActiveCfg = Release|Any CPU
		{1442C1A4-363D-4587-9A4E-9C66C80BC651}.Release|Any CPU.Build.0 = Release|Any CPU
		{955D6460-22EA-4953-8809-65773D3BA173}.Debug|Any CPU.ActiveCfg = Debug|Any CPU
		{955D6460-22EA-4953-8809-65773D3BA173}.Debug|Any CPU.Build.0 = Debug|Any CPU
		{955D6460-22EA-4953-8809-65773D3BA173}.Release|Any CPU.ActiveCfg = Release|Any CPU
		{955D6460-22EA-4953-8809-65773D3BA173}.Release|Any CPU.Build.0 = Release|Any CPU
		{E611FD0D-EBD3-4A79-A913-4BE25736291D}.Debug|Any CPU.ActiveCfg = Debug|Any CPU
		{E611FD0D-EBD3-4A79-A913-4BE25736291D}.Debug|Any CPU.Build.0 = Debug|Any CPU
		{E611FD0D-EBD3-4A79-A913-4BE25736291D}.Release|Any CPU.ActiveCfg = Release|Any CPU
		{E611FD0D-EBD3-4A79-A913-4BE25736291D}.Release|Any CPU.Build.0 = Release|Any CPU
		{D811000D-7E56-4A16-B179-82C7DF7F28C7}.Debug|Any CPU.ActiveCfg = Debug|Any CPU
		{D811000D-7E56-4A16-B179-82C7DF7F28C7}.Debug|Any CPU.Build.0 = Debug|Any CPU
		{D811000D-7E56-4A16-B179-82C7DF7F28C7}.Release|Any CPU.ActiveCfg = Release|Any CPU
		{D811000D-7E56-4A16-B179-82C7DF7F28C7}.Release|Any CPU.Build.0 = Release|Any CPU
		{AC52652B-314F-4050-BBC1-644D937F4EA1}.Debug|Any CPU.ActiveCfg = Debug|Any CPU
		{AC52652B-314F-4050-BBC1-644D937F4EA1}.Debug|Any CPU.Build.0 = Debug|Any CPU
		{AC52652B-314F-4050-BBC1-644D937F4EA1}.Release|Any CPU.ActiveCfg = Release|Any CPU
		{AC52652B-314F-4050-BBC1-644D937F4EA1}.Release|Any CPU.Build.0 = Release|Any CPU
	EndGlobalSection
	GlobalSection(SolutionProperties) = preSolution
		HideSolutionNode = FALSE
	EndGlobalSection
	GlobalSection(NestedProjects) = preSolution
		{87C02570-011D-4A2B-95CE-E6FB49156A58} = {54B19386-5F64-490C-9EF5-D7845EBB0016}
		{1442C1A4-363D-4587-9A4E-9C66C80BC651} = {54B19386-5F64-490C-9EF5-D7845EBB0016}
	EndGlobalSection
	GlobalSection(ExtensibilityGlobals) = postSolution
		SolutionGuid = {B43A71A0-9AE6-406F-B91E-B7B2554D2002}
	EndGlobalSection
EndGlobal
