
Microsoft Visual Studio Solution File, Format Version 12.00
# Visual Studio Version 16
VisualStudioVersion = 16.0.30011.22
MinimumVisualStudioVersion = 10.0.40219.1
Project("{2150E333-8FDC-42A3-9474-1A3956D46DE8}") = "Providers", "Providers", "{54B19386-5F64-490C-9EF5-D7845EBB0016}"
EndProject
Project("{9A19103F-16F7-4668-BE54-9A1E7A4F7556}") = "LyricsProviders", "Providers\LyricsProviders\LyricsProviders.csproj", "{87C02570-011D-4A2B-95CE-E6FB49156A58}"
EndProject
Project("{9A19103F-16F7-4668-BE54-9A1E7A4F7556}") = "LyricsProviders.Tests", "Providers\LyricsProviders.Tests\LyricsProviders.Tests.csproj", "{1442C1A4-363D-4587-9A4E-9C66C80BC651}"
EndProject
Project("{9A19103F-16F7-4668-BE54-9A1E7A4F7556}") = "LyricsFinder.Core", "LyricsFinder.Core\LyricsFinder.Core.csproj", "{E611FD0D-EBD3-4A79-A913-4BE25736291D}"
EndProject
Project("{9A19103F-16F7-4668-BE54-9A1E7A4F7556}") = "Lyrixound", "Lyrixound\Lyrixound.csproj", "{57BE1897-7CBE-431D-B1F1-B63BC21B274B}"
EndProject
Project("{9A19103F-16F7-4668-BE54-9A1E7A4F7556}") = "LyricsProviders.Demo", "Providers\LyricsProviders.Demo\LyricsProviders.Demo.csproj", "{2157FB8A-9BAE-4CCA-89CD-13C20B75EB4E}"
EndProject
Project("{2150E333-8FDC-42A3-9474-1A3956D46DE8}") = "Watchers", "Watchers", "{EF562745-89D5-4A08-94B4-E54C500B0918}"
EndProject
Project("{9A19103F-16F7-4668-BE54-9A1E7A4F7556}") = "PlayerWatching", "Watchers\PlayerWatching\PlayerWatching.csproj", "{61FEA747-51A2-4281-A39B-2B3881947849}"
EndProject
Project("{9A19103F-16F7-4668-BE54-9A1E7A4F7556}") = "PlayerWatching.Demo", "Watchers\PlayerWatching.Demo\PlayerWatching.Demo.csproj", "{803A7B07-22F7-4348-96F4-CE1BE1F48187}"
EndProject
Project("{9A19103F-16F7-4668-BE54-9A1E7A4F7556}") = "PlayerWatching.Tests", "Watchers\PlayerWatching.Tests\PlayerWatching.Tests.csproj", "{8A4765E8-5C32-446E-BB39-3C39DF227EAF}"
EndProject
Global
	GlobalSection(SolutionConfigurationPlatforms) = preSolution
		Debug|Any CPU = Debug|Any CPU
		Release|Any CPU = Release|Any CPU
		ReleasePortable|Any CPU = ReleasePortable|Any CPU
	EndGlobalSection
	GlobalSection(ProjectConfigurationPlatforms) = postSolution
		{87C02570-011D-4A2B-95CE-E6FB49156A58}.Debug|Any CPU.ActiveCfg = Debug|Any CPU
		{87C02570-011D-4A2B-95CE-E6FB49156A58}.Debug|Any CPU.Build.0 = Debug|Any CPU
		{87C02570-011D-4A2B-95CE-E6FB49156A58}.Release|Any CPU.ActiveCfg = Release|Any CPU
		{87C02570-011D-4A2B-95CE-E6FB49156A58}.Release|Any CPU.Build.0 = Release|Any CPU
		{87C02570-011D-4A2B-95CE-E6FB49156A58}.ReleasePortable|Any CPU.ActiveCfg = ReleasePortable|Any CPU
		{87C02570-011D-4A2B-95CE-E6FB49156A58}.ReleasePortable|Any CPU.Build.0 = ReleasePortable|Any CPU
		{1442C1A4-363D-4587-9A4E-9C66C80BC651}.Debug|Any CPU.ActiveCfg = Debug|Any CPU
		{1442C1A4-363D-4587-9A4E-9C66C80BC651}.Debug|Any CPU.Build.0 = Debug|Any CPU
		{1442C1A4-363D-4587-9A4E-9C66C80BC651}.Release|Any CPU.ActiveCfg = Release|Any CPU
		{1442C1A4-363D-4587-9A4E-9C66C80BC651}.Release|Any CPU.Build.0 = Release|Any CPU
		{1442C1A4-363D-4587-9A4E-9C66C80BC651}.ReleasePortable|Any CPU.ActiveCfg = Release|Any CPU
		{1442C1A4-363D-4587-9A4E-9C66C80BC651}.ReleasePortable|Any CPU.Build.0 = Release|Any CPU
		{E611FD0D-EBD3-4A79-A913-4BE25736291D}.Debug|Any CPU.ActiveCfg = Debug|Any CPU
		{E611FD0D-EBD3-4A79-A913-4BE25736291D}.Debug|Any CPU.Build.0 = Debug|Any CPU
		{E611FD0D-EBD3-4A79-A913-4BE25736291D}.Release|Any CPU.ActiveCfg = Release|Any CPU
		{E611FD0D-EBD3-4A79-A913-4BE25736291D}.Release|Any CPU.Build.0 = Release|Any CPU
		{E611FD0D-EBD3-4A79-A913-4BE25736291D}.ReleasePortable|Any CPU.ActiveCfg = Release|Any CPU
		{E611FD0D-EBD3-4A79-A913-4BE25736291D}.ReleasePortable|Any CPU.Build.0 = Release|Any CPU
		{57BE1897-7CBE-431D-B1F1-B63BC21B274B}.Debug|Any CPU.ActiveCfg = Debug|Any CPU
		{57BE1897-7CBE-431D-B1F1-B63BC21B274B}.Debug|Any CPU.Build.0 = Debug|Any CPU
		{57BE1897-7CBE-431D-B1F1-B63BC21B274B}.Release|Any CPU.ActiveCfg = Release|Any CPU
		{57BE1897-7CBE-431D-B1F1-B63BC21B274B}.Release|Any CPU.Build.0 = Release|Any CPU
		{57BE1897-7CBE-431D-B1F1-B63BC21B274B}.ReleasePortable|Any CPU.ActiveCfg = ReleasePortable|Any CPU
		{57BE1897-7CBE-431D-B1F1-B63BC21B274B}.ReleasePortable|Any CPU.Build.0 = ReleasePortable|Any CPU
		{2157FB8A-9BAE-4CCA-89CD-13C20B75EB4E}.Debug|Any CPU.ActiveCfg = Debug|Any CPU
		{2157FB8A-9BAE-4CCA-89CD-13C20B75EB4E}.Debug|Any CPU.Build.0 = Debug|Any CPU
		{2157FB8A-9BAE-4CCA-89CD-13C20B75EB4E}.Release|Any CPU.ActiveCfg = Release|Any CPU
		{2157FB8A-9BAE-4CCA-89CD-13C20B75EB4E}.Release|Any CPU.Build.0 = Release|Any CPU
		{2157FB8A-9BAE-4CCA-89CD-13C20B75EB4E}.ReleasePortable|Any CPU.ActiveCfg = Release|Any CPU
		{2157FB8A-9BAE-4CCA-89CD-13C20B75EB4E}.ReleasePortable|Any CPU.Build.0 = Release|Any CPU
		{61FEA747-51A2-4281-A39B-2B3881947849}.Debug|Any CPU.ActiveCfg = Debug|Any CPU
		{61FEA747-51A2-4281-A39B-2B3881947849}.Debug|Any CPU.Build.0 = Debug|Any CPU
		{61FEA747-51A2-4281-A39B-2B3881947849}.Release|Any CPU.ActiveCfg = Release|Any CPU
		{61FEA747-51A2-4281-A39B-2B3881947849}.Release|Any CPU.Build.0 = Release|Any CPU
		{61FEA747-51A2-4281-A39B-2B3881947849}.ReleasePortable|Any CPU.ActiveCfg = ReleasePortable|Any CPU
		{61FEA747-51A2-4281-A39B-2B3881947849}.ReleasePortable|Any CPU.Build.0 = ReleasePortable|Any CPU
		{803A7B07-22F7-4348-96F4-CE1BE1F48187}.Debug|Any CPU.ActiveCfg = Debug|Any CPU
		{803A7B07-22F7-4348-96F4-CE1BE1F48187}.Debug|Any CPU.Build.0 = Debug|Any CPU
		{803A7B07-22F7-4348-96F4-CE1BE1F48187}.Release|Any CPU.ActiveCfg = Release|Any CPU
		{803A7B07-22F7-4348-96F4-CE1BE1F48187}.Release|Any CPU.Build.0 = Release|Any CPU
		{803A7B07-22F7-4348-96F4-CE1BE1F48187}.ReleasePortable|Any CPU.ActiveCfg = Release|Any CPU
		{803A7B07-22F7-4348-96F4-CE1BE1F48187}.ReleasePortable|Any CPU.Build.0 = Release|Any CPU
		{8A4765E8-5C32-446E-BB39-3C39DF227EAF}.Debug|Any CPU.ActiveCfg = Debug|Any CPU
		{8A4765E8-5C32-446E-BB39-3C39DF227EAF}.Debug|Any CPU.Build.0 = Debug|Any CPU
		{8A4765E8-5C32-446E-BB39-3C39DF227EAF}.Release|Any CPU.ActiveCfg = Release|Any CPU
		{8A4765E8-5C32-446E-BB39-3C39DF227EAF}.Release|Any CPU.Build.0 = Release|Any CPU
		{8A4765E8-5C32-446E-BB39-3C39DF227EAF}.ReleasePortable|Any CPU.ActiveCfg = Release|Any CPU
		{8A4765E8-5C32-446E-BB39-3C39DF227EAF}.ReleasePortable|Any CPU.Build.0 = Release|Any CPU
	EndGlobalSection
	GlobalSection(SolutionProperties) = preSolution
		HideSolutionNode = FALSE
	EndGlobalSection
	GlobalSection(NestedProjects) = preSolution
		{87C02570-011D-4A2B-95CE-E6FB49156A58} = {54B19386-5F64-490C-9EF5-D7845EBB0016}
		{1442C1A4-363D-4587-9A4E-9C66C80BC651} = {54B19386-5F64-490C-9EF5-D7845EBB0016}
		{2157FB8A-9BAE-4CCA-89CD-13C20B75EB4E} = {54B19386-5F64-490C-9EF5-D7845EBB0016}
		{61FEA747-51A2-4281-A39B-2B3881947849} = {EF562745-89D5-4A08-94B4-E54C500B0918}
		{803A7B07-22F7-4348-96F4-CE1BE1F48187} = {EF562745-89D5-4A08-94B4-E54C500B0918}
		{8A4765E8-5C32-446E-BB39-3C39DF227EAF} = {EF562745-89D5-4A08-94B4-E54C500B0918}
	EndGlobalSection
	GlobalSection(ExtensibilityGlobals) = postSolution
		SolutionGuid = {B43A71A0-9AE6-406F-B91E-B7B2554D2002}
	EndGlobalSection
EndGlobal
